// !$*UTF8*$!
{
	archiveVersion = 1;
	classes = {
	};
	objectVersion = 46;
	objects = {

/* Begin PBXBuildFile section */
		859BDB0E1DDD4C0800A91598 /* main.m in Sources */ = {isa = PBXBuildFile; fileRef = 859BDB0D1DDD4C0800A91598 /* main.m */; };
		859BDB111DDD4C0800A91598 /* AppDelegate.m in Sources */ = {isa = PBXBuildFile; fileRef = 859BDB101DDD4C0800A91598 /* AppDelegate.m */; };
		859BDB141DDD4C0800A91598 /* ViewController.m in Sources */ = {isa = PBXBuildFile; fileRef = 859BDB131DDD4C0800A91598 /* ViewController.m */; };
		859BDB171DDD4C0800A91598 /* Main.storyboard in Resources */ = {isa = PBXBuildFile; fileRef = 859BDB151DDD4C0800A91598 /* Main.storyboard */; };
		859BDB1A1DDD4C0800A91598 /* ljsq2_1.xcdatamodeld in Sources */ = {isa = PBXBuildFile; fileRef = 859BDB181DDD4C0800A91598 /* ljsq2_1.xcdatamodeld */; };
		859BDB1C1DDD4C0800A91598 /* Assets.xcassets in Resources */ = {isa = PBXBuildFile; fileRef = 859BDB1B1DDD4C0800A91598 /* Assets.xcassets */; };
		859BDB1F1DDD4C0800A91598 /* LaunchScreen.storyboard in Resources */ = {isa = PBXBuildFile; fileRef = 859BDB1D1DDD4C0800A91598 /* LaunchScreen.storyboard */; };
		859BDB271DDD4C1A00A91598 /* lejushequ2_1_1.plist in Resources */ = {isa = PBXBuildFile; fileRef = 859BDB261DDD4C1A00A91598 /* lejushequ2_1_1.plist */; };
/* End PBXBuildFile section */

/* Begin PBXFileReference section */
		859BDB091DDD4C0800A91598 /* ljsq2_1.app */ = {isa = PBXFileReference; explicitFileType = wrapper.application; includeInIndex = 0; path = ljsq2_1.app; sourceTree = BUILT_PRODUCTS_DIR; };
		859BDB0D1DDD4C0800A91598 /* main.m */ = {isa = PBXFileReference; lastKnownFileType = sourcecode.c.objc; path = main.m; sourceTree = "<group>"; };
		859BDB0F1DDD4C0800A91598 /* AppDelegate.h */ = {isa = PBXFileReference; lastKnownFileType = sourcecode.c.h; path = AppDelegate.h; sourceTree = "<group>"; };
		859BDB101DDD4C0800A91598 /* AppDelegate.m */ = {isa = PBXFileReference; lastKnownFileType = sourcecode.c.objc; path = AppDelegate.m; sourceTree = "<group>"; };
		859BDB121DDD4C0800A91598 /* ViewController.h */ = {isa = PBXFileReference; lastKnownFileType = sourcecode.c.h; path = ViewController.h; sourceTree = "<group>"; };
		859BDB131DDD4C0800A91598 /* ViewController.m */ = {isa = PBXFileReference; lastKnownFileType = sourcecode.c.objc; path = ViewController.m; sourceTree = "<group>"; };
		859BDB161DDD4C0800A91598 /* Base */ = {isa = PBXFileReference; lastKnownFileType = file.storyboard; name = Base; path = Base.lproj/Main.storyboard; sourceTree = "<group>"; };
		859BDB191DDD4C0800A91598 /* ljsq2_1.xcdatamodel */ = {isa = PBXFileReference; lastKnownFileType = wrapper.xcdatamodel; path = ljsq2_1.xcdatamodel; sourceTree = "<group>"; };
		859BDB1B1DDD4C0800A91598 /* Assets.xcassets */ = {isa = PBXFileReference; lastKnownFileType = folder.assetcatalog; path = Assets.xcassets; sourceTree = "<group>"; };
		859BDB1E1DDD4C0800A91598 /* Base */ = {isa = PBXFileReference; lastKnownFileType = file.storyboard; name = Base; path = Base.lproj/LaunchScreen.storyboard; sourceTree = "<group>"; };
		859BDB201DDD4C0800A91598 /* Info.plist */ = {isa = PBXFileReference; lastKnownFileType = text.plist.xml; path = Info.plist; sourceTree = "<group>"; };
		859BDB261DDD4C1A00A91598 /* lejushequ2_1_1.plist */ = {isa = PBXFileReference; lastKnownFileType = text.plist; path = lejushequ2_1_1.plist; sourceTree = "<group>"; };
/* End PBXFileReference section */

/* Begin PBXFrameworksBuildPhase section */
		859BDB061DDD4C0800A91598 /* Frameworks */ = {
			isa = PBXFrameworksBuildPhase;
			buildActionMask = 2147483647;
			files = (
			);
			runOnlyForDeploymentPostprocessing = 0;
		};
/* End PBXFrameworksBuildPhase section */

/* Begin PBXGroup section */
		859BDB001DDD4C0800A91598 = {
			isa = PBXGroup;
			children = (
				859BDB0B1DDD4C0800A91598 /* ljsq2_1 */,
				859BDB0A1DDD4C0800A91598 /* Products */,
			);
			sourceTree = "<group>";
		};
		859BDB0A1DDD4C0800A91598 /* Products */ = {
			isa = PBXGroup;
			children = (
				859BDB091DDD4C0800A91598 /* ljsq2_1.app */,
			);
			name = Products;
			sourceTree = "<group>";
		};
		859BDB0B1DDD4C0800A91598 /* ljsq2_1 */ = {
			isa = PBXGroup;
			children = (
				859BDB261DDD4C1A00A91598 /* lejushequ2_1_1.plist */,
				859BDB0F1DDD4C0800A91598 /* AppDelegate.h */,
				859BDB101DDD4C0800A91598 /* AppDelegate.m */,
				859BDB121DDD4C0800A91598 /* ViewController.h */,
				859BDB131DDD4C0800A91598 /* ViewController.m */,
				859BDB151DDD4C0800A91598 /* Main.storyboard */,
				859BDB1B1DDD4C0800A91598 /* Assets.xcassets */,
				859BDB1D1DDD4C0800A91598 /* LaunchScreen.storyboard */,
				859BDB201DDD4C0800A91598 /* Info.plist */,
				859BDB181DDD4C0800A91598 /* ljsq2_1.xcdatamodeld */,
				859BDB0C1DDD4C0800A91598 /* Supporting Files */,
			);
			path = ljsq2_1;
			sourceTree = "<group>";
		};
		859BDB0C1DDD4C0800A91598 /* Supporting Files */ = {
			isa = PBXGroup;
			children = (
				859BDB0D1DDD4C0800A91598 /* main.m */,
			);
			name = "Supporting Files";
			sourceTree = "<group>";
		};
/* End PBXGroup section */

/* Begin PBXNativeTarget section */
		859BDB081DDD4C0800A91598 /* ljsq2_1 */ = {
			isa = PBXNativeTarget;
			buildConfigurationList = 859BDB231DDD4C0800A91598 /* Build configuration list for PBXNativeTarget "ljsq2_1" */;
			buildPhases = (
				859BDB051DDD4C0800A91598 /* Sources */,
				859BDB061DDD4C0800A91598 /* Frameworks */,
				859BDB071DDD4C0800A91598 /* Resources */,
			);
			buildRules = (
			);
			dependencies = (
			);
			name = ljsq2_1;
			productName = ljsq2_1;
			productReference = 859BDB091DDD4C0800A91598 /* ljsq2_1.app */;
			productType = "com.apple.product-type.application";
		};
/* End PBXNativeTarget section */

/* Begin PBXProject section */
		859BDB011DDD4C0800A91598 /* Project object */ = {
			isa = PBXProject;
			attributes = {
				LastUpgradeCheck = 0730;
				ORGANIZATIONNAME = "H U";
				TargetAttributes = {
					859BDB081DDD4C0800A91598 = {
						CreatedOnToolsVersion = 7.3.1;
					};
				};
			};
			buildConfigurationList = 859BDB041DDD4C0800A91598 /* Build configuration list for PBXProject "ljsq2_1" */;
			compatibilityVersion = "Xcode 3.2";
			developmentRegion = English;
			hasScannedForEncodings = 0;
			knownRegions = (
				en,
				Base,
			);
			mainGroup = 859BDB001DDD4C0800A91598;
			productRefGroup = 859BDB0A1DDD4C0800A91598 /* Products */;
			projectDirPath = "";
			projectRoot = "";
			targets = (
				859BDB081DDD4C0800A91598 /* ljsq2_1 */,
			);
		};
/* End PBXProject section */

/* Begin PBXResourcesBuildPhase section */
		859BDB071DDD4C0800A91598 /* Resources */ = {
			isa = PBXResourcesBuildPhase;
			buildActionMask = 2147483647;
			files = (
				859BDB1F1DDD4C0800A91598 /* LaunchScreen.storyboard in Resources */,
				859BDB1C1DDD4C0800A91598 /* Assets.xcassets in Resources */,
				859BDB271DDD4C1A00A91598 /* lejushequ2_1_1.plist in Resources */,
				859BDB171DDD4C0800A91598 /* Main.storyboard in Resources */,
			);
			runOnlyForDeploymentPostprocessing = 0;
		};
/* End PBXResourcesBuildPhase section */

/* Begin PBXSourcesBuildPhase section */
		859BDB051DDD4C0800A91598 /* Sources */ = {
			isa = PBXSourcesBuildPhase;
			buildActionMask = 2147483647;
			files = (
				859BDB1A1DDD4C0800A91598 /* ljsq2_1.xcdatamodeld in Sources */,
				859BDB141DDD4C0800A91598 /* ViewController.m in Sources */,
				859BDB111DDD4C0800A91598 /* AppDelegate.m in Sources */,
				859BDB0E1DDD4C0800A91598 /* main.m in Sources */,
			);
			runOnlyForDeploymentPostprocessing = 0;
		};
/* End PBXSourcesBuildPhase section */

/* Begin PBXVariantGroup section */
		859BDB151DDD4C0800A91598 /* Main.storyboard */ = {
			isa = PBXVariantGroup;
			children = (
				859BDB161DDD4C0800A91598 /* Base */,
			);
			name = Main.storyboard;
			sourceTree = "<group>";
		};
		859BDB1D1DDD4C0800A91598 /* LaunchScreen.storyboard */ = {
			isa = PBXVariantGroup;
			children = (
				859BDB1E1DDD4C0800A91598 /* Base */,
			);
			name = LaunchScreen.storyboard;
			sourceTree = "<group>";
		};
/* End PBXVariantGroup section */

/* Begin XCBuildConfiguration section */
		859BDB211DDD4C0800A91598 /* Debug */ = {
			isa = XCBuildConfiguration;
			buildSettings = {
				ALWAYS_SEARCH_USER_PATHS = NO;
				CLANG_ANALYZER_NONNULL = YES;
				CLANG_CXX_LANGUAGE_STANDARD = "gnu++0x";
				CLANG_CXX_LIBRARY = "libc++";
				CLANG_ENABLE_MODULES = YES;
				CLANG_ENABLE_OBJC_ARC = YES;
				CLANG_WARN_BOOL_CONVERSION = YES;
				CLANG_WARN_CONSTANT_CONVERSION = YES;
				CLANG_WARN_DIRECT_OBJC_ISA_USAGE = YES_ERROR;
				CLANG_WARN_EMPTY_BODY = YES;
				CLANG_WARN_ENUM_CONVERSION = YES;
				CLANG_WARN_INT_CONVERSION = YES;
				CLANG_WARN_OBJC_ROOT_CLASS = YES_ERROR;
				CLANG_WARN_UNREACHABLE_CODE = YES;
				CLANG_WARN__DUPLICATE_METHOD_MATCH = YES;
				"CODE_SIGN_IDENTITY[sdk=iphoneos*]" = "iPhone Developer";
				COPY_PHASE_STRIP = NO;
				DEBUG_INFORMATION_FORMAT = dwarf;
				ENABLE_STRICT_OBJC_MSGSEND = YES;
				ENABLE_TESTABILITY = YES;
				GCC_C_LANGUAGE_STANDARD = gnu99;
				GCC_DYNAMIC_NO_PIC = NO;
				GCC_NO_COMMON_BLOCKS = YES;
				GCC_OPTIMIZATION_LEVEL = 0;
				GCC_PREPROCESSOR_DEFINITIONS = (
					"DEBUG=1",
					"$(inherited)",
				);
				GCC_WARN_64_TO_32_BIT_CONVERSION = YES;
				GCC_WARN_ABOUT_RETURN_TYPE = YES_ERROR;
				GCC_WARN_UNDECLARED_SELECTOR = YES;
				GCC_WARN_UNINITIALIZED_AUTOS = YES_AGGRESSIVE;
				GCC_WARN_UNUSED_FUNCTION = YES;
				GCC_WARN_UNUSED_VARIABLE = YES;
				IPHONEOS_DEPLOYMENT_TARGET = 9.3;
				MTL_ENABLE_DEBUG_INFO = YES;
				ONLY_ACTIVE_ARCH = YES;
				SDKROOT = iphoneos;
				TARGETED_DEVICE_FAMILY = "1,2";
			};
			name = Debug;
		};
		859BDB221DDD4C0800A91598 /* Release */ = {
			isa = XCBuildConfiguration;
			buildSettings = {
				ALWAYS_SEARCH_USER_PATHS = NO;
				CLANG_ANALYZER_NONNULL = YES;
				CLANG_CXX_LANGUAGE_STANDARD = "gnu++0x";
				CLANG_CXX_LIBRARY = "libc++";
				CLANG_ENABLE_MODULES = YES;
				CLANG_ENABLE_OBJC_ARC = YES;
				CLANG_WARN_BOOL_CONVERSION = YES;
				CLANG_WARN_CONSTANT_CONVERSION = YES;
				CLANG_WARN_DIRECT_OBJC_ISA_USAGE = YES_ERROR;
				CLANG_WARN_EMPTY_BODY = YES;
				CLANG_WARN_ENUM_CONVERSION = YES;
				CLANG_WARN_INT_CONVERSION = YES;
				CLANG_WARN_OBJC_ROOT_CLASS = YES_ERROR;
				CLANG_WARN_UNREACHABLE_CODE = YES;
				CLANG_WARN__DUPLICATE_METHOD_MATCH = YES;
				"CODE_SIGN_IDENTITY[sdk=iphoneos*]" = "iPhone Developer";
				COPY_PHASE_STRIP = NO;
				DEBUG_INFORMATION_FORMAT = "dwarf-with-dsym";
				ENABLE_NS_ASSERTIONS = NO;
				ENABLE_STRICT_OBJC_MSGSEND = YES;
				GCC_C_LANGUAGE_STANDARD = gnu99;
				GCC_NO_COMMON_BLOCKS = YES;
				GCC_WARN_64_TO_32_BIT_CONVERSION = YES;
				GCC_WARN_ABOUT_RETURN_TYPE = YES_ERROR;
				GCC_WARN_UNDECLARED_SELECTOR = YES;
				GCC_WARN_UNINITIALIZED_AUTOS = YES_AGGRESSIVE;
				GCC_WARN_UNUSED_FUNCTION = YES;
				GCC_WARN_UNUSED_VARIABLE = YES;
				IPHONEOS_DEPLOYMENT_TARGET = 9.3;
				MTL_ENABLE_DEBUG_INFO = NO;
				SDKROOT = iphoneos;
				TARGETED_DEVICE_FAMILY = "1,2";
				VALIDATE_PRODUCT = YES;
			};
			name = Release;
		};
		859BDB241DDD4C0800A91598 /* Debug */ = {
			isa = XCBuildConfiguration;
			buildSettings = {
				ASSETCATALOG_COMPILER_APPICON_NAME = AppIcon;
				INFOPLIST_FILE = ljsq2_1/Info.plist;
				LD_RUNPATH_SEARCH_PATHS = "$(inherited) @executable_path/Frameworks";
				PRODUCT_BUNDLE_IDENTIFIER = "huuuuuu.ljsq2-1";
				PRODUCT_NAME = "$(TARGET_NAME)";
			};
			name = Debug;
		};
		859BDB251DDD4C0800A91598 /* Release */ = {
			isa = XCBuildConfiguration;
			buildSettings = {
				ASSETCATALOG_COMPILER_APPICON_NAME = AppIcon;
				INFOPLIST_FILE = ljsq2_1/Info.plist;
				LD_RUNPATH_SEARCH_PATHS = "$(inherited) @executable_path/Frameworks";
				PRODUCT_BUNDLE_IDENTIFIER = "huuuuuu.ljsq2-1";
				PRODUCT_NAME = "$(TARGET_NAME)";
			};
			name = Release;
		};
/* End XCBuildConfiguration section */

/* Begin XCConfigurationList section */
		859BDB041DDD4C0800A91598 /* Build configuration list for PBXProject "ljsq2_1" */ = {
			isa = XCConfigurationList;
			buildConfigurations = (
				859BDB211DDD4C0800A91598 /* Debug */,
				859BDB221DDD4C0800A91598 /* Release */,
			);
			defaultConfigurationIsVisible = 0;
			defaultConfigurationName = Release;
		};
		859BDB231DDD4C0800A91598 /* Build configuration list for PBXNativeTarget "ljsq2_1" */ = {
			isa = XCConfigurationList;
			buildConfigurations = (
				859BDB241DDD4C0800A91598 /* Debug */,
				859BDB251DDD4C0800A91598 /* Release */,
			);
			defaultConfigurationIsVisible = 0;
		};
/* End XCConfigurationList section */

/* Begin XCVersionGroup section */
		859BDB181DDD4C0800A91598 /* ljsq2_1.xcdatamodeld */ = {
			isa = XCVersionGroup;
			children = (
				859BDB191DDD4C0800A91598 /* ljsq2_1.xcdatamodel */,
			);
			currentVersion = 859BDB191DDD4C0800A91598 /* ljsq2_1.xcdatamodel */;
			path = ljsq2_1.xcdatamodeld;
			sourceTree = "<group>";
			versionGroupType = wrapper.xcdatamodel;
		};
/* End XCVersionGroup section */
	};
	rootObject = 859BDB011DDD4C0800A91598 /* Project object */;
}
